
Microsoft Visual Studio Solution File, Format Version 12.00
# Visual Studio Version 16
VisualStudioVersion = 16.0.31321.278
MinimumVisualStudioVersion = 10.0.40219.1
Project("{FAE04EC0-301F-11D3-BF4B-00C04F79EFBC}") = "Calculadora", "Calculadora\Calculadora.csproj", "{490A7F2E-213B-4C43-9ACF-F32EFCB2451A}"
EndProject
Global
	GlobalSection(SolutionConfigurationPlatforms) = preSolution
		Debug|Any CPU = Debug|Any CPU
		Release|Any CPU = Release|Any CPU
	EndGlobalSection
	GlobalSection(ProjectConfigurationPlatforms) = postSolution
		{490A7F2E-213B-4C43-9ACF-F32EFCB2451A}.Debug|Any CPU.ActiveCfg = Debug|Any CPU
		{490A7F2E-213B-4C43-9ACF-F32EFCB2451A}.Debug|Any CPU.Build.0 = Debug|Any CPU
		{490A7F2E-213B-4C43-9ACF-F32EFCB2451A}.Release|Any CPU.ActiveCfg = Release|Any CPU
		{490A7F2E-213B-4C43-9ACF-F32EFCB2451A}.Release|Any CPU.Build.0 = Release|Any CPU
	EndGlobalSection
	GlobalSection(SolutionProperties) = preSolution
		HideSolutionNode = FALSE
	EndGlobalSection
	GlobalSection(ExtensibilityGlobals) = postSolution
		SolutionGuid = {D9BDA7B1-83A3-46D7-ADEE-B7F6D8E129C6}
	EndGlobalSection
EndGlobal
